
Microsoft Visual Studio Solution File, Format Version 12.00
# Visual Studio Version 16
VisualStudioVersion = 16.0.32602.291
MinimumVisualStudioVersion = 10.0.40219.1
Project("{FAE04EC0-301F-11D3-BF4B-00C04F79EFBC}") = "ClientSideValidatyion", "ClientSideValidatyion\ClientSideValidatyion.csproj", "{DB53ECB8-AB75-46E8-986A-286D19047573}"
EndProject
Project("{FAE04EC0-301F-11D3-BF4B-00C04F79EFBC}") = "CrudUsingSqlQuery", "CrudUsingSqlQuery\CrudUsingSqlQuery.csproj", "{9AB20922-8E9C-496A-8730-90ECAE36030E}"
EndProject
Project("{FAE04EC0-301F-11D3-BF4B-00C04F79EFBC}") = "CrudUsingSp", "CrudUsingSp\CrudUsingSp.csproj", "{58F05A21-921A-40E7-A7AD-B4D1715C7B73}"
EndProject
Global
	GlobalSection(SolutionConfigurationPlatforms) = preSolution
		Debug|Any CPU = Debug|Any CPU
		Release|Any CPU = Release|Any CPU
	EndGlobalSection
	GlobalSection(ProjectConfigurationPlatforms) = postSolution
		{DB53ECB8-AB75-46E8-986A-286D19047573}.Debug|Any CPU.ActiveCfg = Debug|Any CPU
		{DB53ECB8-AB75-46E8-986A-286D19047573}.Debug|Any CPU.Build.0 = Debug|Any CPU
		{DB53ECB8-AB75-46E8-986A-286D19047573}.Release|Any CPU.ActiveCfg = Release|Any CPU
		{DB53ECB8-AB75-46E8-986A-286D19047573}.Release|Any CPU.Build.0 = Release|Any CPU
		{9AB20922-8E9C-496A-8730-90ECAE36030E}.Debug|Any CPU.ActiveCfg = Debug|Any CPU
		{9AB20922-8E9C-496A-8730-90ECAE36030E}.Debug|Any CPU.Build.0 = Debug|Any CPU
		{9AB20922-8E9C-496A-8730-90ECAE36030E}.Release|Any CPU.ActiveCfg = Release|Any CPU
		{9AB20922-8E9C-496A-8730-90ECAE36030E}.Release|Any CPU.Build.0 = Release|Any CPU
		{58F05A21-921A-40E7-A7AD-B4D1715C7B73}.Debug|Any CPU.ActiveCfg = Debug|Any CPU
		{58F05A21-921A-40E7-A7AD-B4D1715C7B73}.Debug|Any CPU.Build.0 = Debug|Any CPU
		{58F05A21-921A-40E7-A7AD-B4D1715C7B73}.Release|Any CPU.ActiveCfg = Release|Any CPU
		{58F05A21-921A-40E7-A7AD-B4D1715C7B73}.Release|Any CPU.Build.0 = Release|Any CPU
	EndGlobalSection
	GlobalSection(SolutionProperties) = preSolution
		HideSolutionNode = FALSE
	EndGlobalSection
	GlobalSection(ExtensibilityGlobals) = postSolution
		SolutionGuid = {21605D55-0A63-48EB-9830-391772864B41}
	EndGlobalSection
EndGlobal
